
Microsoft Visual Studio Solution File, Format Version 12.00
# Visual Studio Version 17
VisualStudioVersion = 17.10.34916.146
MinimumVisualStudioVersion = 10.0.40219.1
Project("{FAE04EC0-301F-11D3-BF4B-00C04F79EFBC}") = "Prog 3 Project alpha v0.1", "Prog 3 Project alpha v0.1\Prog 3 Project alpha v0.1.csproj", "{37F92EC2-1140-4709-88F6-9D0AE86F2A07}"
EndProject
Global
	GlobalSection(SolutionConfigurationPlatforms) = preSolution
		Debug|Any CPU = Debug|Any CPU
		Release|Any CPU = Release|Any CPU
	EndGlobalSection
	GlobalSection(ProjectConfigurationPlatforms) = postSolution
		{37F92EC2-1140-4709-88F6-9D0AE86F2A07}.Debug|Any CPU.ActiveCfg = Debug|Any CPU
		{37F92EC2-1140-4709-88F6-9D0AE86F2A07}.Debug|Any CPU.Build.0 = Debug|Any CPU
		{37F92EC2-1140-4709-88F6-9D0AE86F2A07}.Release|Any CPU.ActiveCfg = Release|Any CPU
		{37F92EC2-1140-4709-88F6-9D0AE86F2A07}.Release|Any CPU.Build.0 = Release|Any CPU
	EndGlobalSection
	GlobalSection(SolutionProperties) = preSolution
		HideSolutionNode = FALSE
	EndGlobalSection
	GlobalSection(ExtensibilityGlobals) = postSolution
		SolutionGuid = {5B2105D2-3DE1-47C1-B732-8F8389EEFBCF}
	EndGlobalSection
EndGlobal
